<?xml version="1.0" encoding="utf-8"?>
<Project ToolsVersion="4.0" xmlns="http://schemas.microsoft.com/developer/msbuild/2003">
  <ItemGroup>
    <Filter Include="SourceCode">
      <UniqueIdentifier>{4FC737F1-C7A5-4376-A066-2A32D752A2FF}</UniqueIdentifier>
      <Extensions>cpp;c;cc;cxx;def;odl;idl;hpj;bat;asm;asmx</Extensions>
    </Filter>
    <Filter Include="PacketDefine">
      <UniqueIdentifier>{3cfbe6f1-5834-4652-a3f4-358ccb895128}</UniqueIdentifier>
    </Filter>
    <Filter Include="Utils">
      <UniqueIdentifier>{002996bc-5f49-4034-9846-d804baed220a}</UniqueIdentifier>
    </Filter>
  </ItemGroup>
  <ItemGroup>
    <Text Include="ReadMe.txt" />
  </ItemGroup>
  <ItemGroup>
    <ClInclude Include="stdafx.h">
      <Filter>SourceCode</Filter>
    </ClInclude>
    <ClInclude Include="targetver.h">
      <Filter>SourceCode</Filter>
    </ClInclude>
    <ClInclude Include="..\..\PacketType.h">
      <Filter>PacketDefine</Filter>
    </ClInclude>
    <ClInclude Include="ClientSession.h">
      <Filter>SourceCode</Filter>
    </ClInclude>
    <ClInclude Include="ClientManager.h">
      <Filter>SourceCode</Filter>
    </ClInclude>
    <ClInclude Include="DatabaseJobManager.h">
      <Filter>SourceCode</Filter>
    </ClInclude>
    <ClInclude Include="EasyServer.h">
      <Filter>SourceCode</Filter>
    </ClInclude>
    <ClInclude Include="SPSCQueue.h">
      <Filter>Utils</Filter>
    </ClInclude>
    <ClInclude Include="CircularBuffer.h">
      <Filter>Utils</Filter>
    </ClInclude>
    <ClInclude Include="Exception.h">
      <Filter>Utils</Filter>
    </ClInclude>
    <ClInclude Include="sqlite3.h">
      <Filter>Utils</Filter>
    </ClInclude>
    <ClInclude Include="sqlite3ext.h">
      <Filter>Utils</Filter>
    </ClInclude>
    <ClInclude Include="DbHelper.h">
      <Filter>Utils</Filter>
    </ClInclude>
    <ClInclude Include="SQLStatement.h">
      <Filter>SourceCode</Filter>
    </ClInclude>
    <ClInclude Include="ObjectPool.h">
      <Filter>Utils</Filter>
    </ClInclude>
    <ClInclude Include="DatabaseJobContext.h">
      <Filter>SourceCode</Filter>
    </ClInclude>
    <ClInclude Include="Config.h">
      <Filter>SourceCode</Filter>
    </ClInclude>
    <ClInclude Include="ProducerConsumerQueue.h">
      <Filter>Utils</Filter>
    </ClInclude>
  </ItemGroup>
  <ItemGroup>
    <ClCompile Include="stdafx.cpp">
      <Filter>SourceCode</Filter>
    </ClCompile>
    <ClCompile Include="EasyServer.cpp">
      <Filter>SourceCode</Filter>
    </ClCompile>
    <ClCompile Include="ClientSession.cpp">
      <Filter>SourceCode</Filter>
    </ClCompile>
    <ClCompile Include="ClientManager.cpp">
      <Filter>SourceCode</Filter>
    </ClCompile>
    <ClCompile Include="DatabaseJobManager.cpp">
      <Filter>SourceCode</Filter>
    </ClCompile>
    <ClCompile Include="CircularBuffer.cpp">
      <Filter>Utils</Filter>
    </ClCompile>
    <ClCompile Include="Exception.cpp">
      <Filter>Utils</Filter>
    </ClCompile>
    <ClCompile Include="sqlite3.c">
      <Filter>Utils</Filter>
    </ClCompile>
    <ClCompile Include="DbHelper.cpp">
      <Filter>Utils</Filter>
    </ClCompile>
    <ClCompile Include="DatabaseJobContext.cpp">
      <Filter>SourceCode</Filter>
    </ClCompile>
  </ItemGroup>
</Project>