
Microsoft Visual Studio Solution File, Format Version 12.00
# Visual Studio 2013
VisualStudioVersion = 12.0.21005.1
MinimumVisualStudioVersion = 10.0.40219.1
Project("{8BC9CEB8-8B4A-11D0-8D11-00A0C91BC942}") = "EasyServer", "EasyServer\EasyServer.vcxproj", "{FE38EC36-C831-4AFE-A6AA-03C59E2BB81B}"
EndProject
Global
	GlobalSection(SolutionConfigurationPlatforms) = preSolution
		Debug|Win32 = Debug|Win32
		Debug|x64 = Debug|x64
		Release|Win32 = Release|Win32
		Release|x64 = Release|x64
	EndGlobalSection
	GlobalSection(ProjectConfigurationPlatforms) = postSolution
		{FE38EC36-C831-4AFE-A6AA-03C59E2BB81B}.Debug|Win32.ActiveCfg = Debug|Win32
		{FE38EC36-C831-4AFE-A6AA-03C59E2BB81B}.Debug|Win32.Build.0 = Debug|Win32
		{FE38EC36-C831-4AFE-A6AA-03C59E2BB81B}.Debug|x64.ActiveCfg = Debug|x64
		{FE38EC36-C831-4AFE-A6AA-03C59E2BB81B}.Debug|x64.Build.0 = Debug|x64
		{FE38EC36-C831-4AFE-A6AA-03C59E2BB81B}.Release|Win32.ActiveCfg = Release|Win32
		{FE38EC36-C831-4AFE-A6AA-03C59E2BB81B}.Release|Win32.Build.0 = Release|Win32
		{FE38EC36-C831-4AFE-A6AA-03C59E2BB81B}.Release|x64.ActiveCfg = Release|x64
		{FE38EC36-C831-4AFE-A6AA-03C59E2BB81B}.Release|x64.Build.0 = Release|x64
	EndGlobalSection
	GlobalSection(SolutionProperties) = preSolution
		HideSolutionNode = FALSE
	EndGlobalSection
EndGlobal
