
Microsoft Visual Studio Solution File, Format Version 12.00
# Visual Studio Express 2012 for Windows Desktop
Project("{8BC9CEB8-8B4A-11D0-8D11-00A0C91BC942}") = "TestClient", "TestClient\TestClient.vcxproj", "{7FF02E8B-A397-4DA6-BF5D-5F57EC1A0EE6}"
EndProject
Global
	GlobalSection(SolutionConfigurationPlatforms) = preSolution
		Debug|Win32 = Debug|Win32
		Release|Win32 = Release|Win32
	EndGlobalSection
	GlobalSection(ProjectConfigurationPlatforms) = postSolution
		{7FF02E8B-A397-4DA6-BF5D-5F57EC1A0EE6}.Debug|Win32.ActiveCfg = Debug|Win32
		{7FF02E8B-A397-4DA6-BF5D-5F57EC1A0EE6}.Debug|Win32.Build.0 = Debug|Win32
		{7FF02E8B-A397-4DA6-BF5D-5F57EC1A0EE6}.Release|Win32.ActiveCfg = Release|Win32
		{7FF02E8B-A397-4DA6-BF5D-5F57EC1A0EE6}.Release|Win32.Build.0 = Release|Win32
	EndGlobalSection
	GlobalSection(SolutionProperties) = preSolution
		HideSolutionNode = FALSE
	EndGlobalSection
EndGlobal
