<?xml version="1.0" encoding="utf-8"?>
<Project ToolsVersion="4.0" xmlns="http://schemas.microsoft.com/developer/msbuild/2003">
  <ItemGroup>
    <Filter Include="Make files">
      <UniqueIdentifier>{2112b7b1-9327-4b6e-8dd3-d48bef3c8208}</UniqueIdentifier>
      <Extensions>*.mak</Extensions>
    </Filter>
    <Filter Include="Main">
      <UniqueIdentifier>{62e7c349-7283-4072-9c61-894d8e8694ff}</UniqueIdentifier>
      <Extensions>cpp;c;cc;cxx;def;odl;idl;hpj;bat;asm;asmx</Extensions>
    </Filter>
    <Filter Include="Packet">
      <UniqueIdentifier>{1a527128-3f40-4813-8a9d-e2c26021d9b2}</UniqueIdentifier>
      <Extensions>rc;ico;cur;bmp;dlg;rc2;rct;bin;rgs;gif;jpg;jpeg;jpe;resx;tiff;tif;png;wav</Extensions>
    </Filter>
    <Filter Include="Utils">
      <UniqueIdentifier>{330b0ff1-b81c-40e5-936b-333523ea8e93}</UniqueIdentifier>
      <Extensions>h;hpp;hxx;hm;inl;inc;xsd</Extensions>
    </Filter>
    <Filter Include="Utils\SQLite3">
      <UniqueIdentifier>{da3298d5-cdd3-450c-9f5d-e096b64d7735}</UniqueIdentifier>
    </Filter>
  </ItemGroup>
  <ItemGroup>
    <ClCompile Include="EasyGameServerLinux.cpp">
      <Filter>Main</Filter>
    </ClCompile>
    <ClCompile Include="CircularBuffer.cpp">
      <Filter>Utils</Filter>
    </ClCompile>
    <ClCompile Include="DbHelper.cpp">
      <Filter>Utils</Filter>
    </ClCompile>
    <ClCompile Include="Scheduler.cpp">
      <Filter>Utils</Filter>
    </ClCompile>
    <ClCompile Include="ThreadLocal.cpp">
      <Filter>Utils</Filter>
    </ClCompile>
    <ClCompile Include="ClientManager.cpp">
      <Filter>Main</Filter>
    </ClCompile>
    <ClCompile Include="ClientSession.cpp">
      <Filter>Main</Filter>
    </ClCompile>
    <ClCompile Include="DatabaseJobContext.cpp">
      <Filter>Main</Filter>
    </ClCompile>
    <ClCompile Include="DatabaseJobManager.cpp">
      <Filter>Main</Filter>
    </ClCompile>
    <ClCompile Include="sqlite3.c">
      <Filter>Utils\SQLite3</Filter>
    </ClCompile>
    <ClCompile Include="PacketHandler.cpp">
      <Filter>Packet</Filter>
    </ClCompile>
  </ItemGroup>
  <ItemGroup>
    <None Include="debug.mak">
      <Filter>Make files</Filter>
    </None>
    <None Include="release.mak">
      <Filter>Make files</Filter>
    </None>
    <None Include="Makefile">
      <Filter>Make files</Filter>
    </None>
  </ItemGroup>
  <ItemGroup>
    <ClInclude Include="CircularBuffer.h">
      <Filter>Utils</Filter>
    </ClInclude>
    <ClInclude Include="DbHelper.h">
      <Filter>Utils</Filter>
    </ClInclude>
    <ClInclude Include="Exception.h">
      <Filter>Utils</Filter>
    </ClInclude>
    <ClInclude Include="ObjectPool.h">
      <Filter>Utils</Filter>
    </ClInclude>
    <ClInclude Include="RefCountable.h">
      <Filter>Utils</Filter>
    </ClInclude>
    <ClInclude Include="Scheduler.h">
      <Filter>Utils</Filter>
    </ClInclude>
    <ClInclude Include="SPSCQueue.h">
      <Filter>Utils</Filter>
    </ClInclude>
    <ClInclude Include="ThreadLocal.h">
      <Filter>Utils</Filter>
    </ClInclude>
    <ClInclude Include="ClientManager.h">
      <Filter>Main</Filter>
    </ClInclude>
    <ClInclude Include="ClientSession.h">
      <Filter>Main</Filter>
    </ClInclude>
    <ClInclude Include="Config.h">
      <Filter>Main</Filter>
    </ClInclude>
    <ClInclude Include="DatabaseJobContext.h">
      <Filter>Main</Filter>
    </ClInclude>
    <ClInclude Include="DatabaseJobManager.h">
      <Filter>Main</Filter>
    </ClInclude>
    <ClInclude Include="SQLStatement.h">
      <Filter>Main</Filter>
    </ClInclude>
    <ClInclude Include="EasyGameServerLinux.h">
      <Filter>Main</Filter>
    </ClInclude>
    <ClInclude Include="PacketType.h">
      <Filter>Packet</Filter>
    </ClInclude>
    <ClInclude Include="sqlite3.h">
      <Filter>Utils\SQLite3</Filter>
    </ClInclude>
  </ItemGroup>
</Project>